# Third-party images this stack runs, pinned by digest.
#
# Single source of truth. compose.yaml must deploy exactly these, scripts/scan-container-images.sh
# scans exactly these, and docs/operations_runbook.md section 7.3 records why their findings were
# accepted. scripts/verify-production-compose.sh compares the rendered Compose output against this
# file as a whole, so the three cannot drift apart.
#
# The Compose service name is part of each entry. Without it the check would only ask whether every
# locked image appears somewhere, and swapping two services' images would still pass.
#
# To update: change the digest here, run `bash scripts/scan-container-images.sh runtime` to see the
# findings for the new image, re-judge the acceptances in the runbook, then update compose.yaml.
#
# Format: <compose service><TAB><image tag><TAB><digest>
postgres	postgres:16-alpine	sha256:3c5c8892d184f738f4fe282d14ddaa613a38f00f4189d2d94725ebe6f2909ddb
redis	redis:7-alpine	sha256:520775a41a63e77e06c73e35d2fd9cc15921a609516818796b4ecbb813078bc7
