
Microsoft Visual Studio Solution File, Format Version 12.00
# Visual Studio Version 17
VisualStudioVersion = 17.0.31903.59
MinimumVisualStudioVersion = 10.0.40219.1
Project("{2150E333-8FDC-42A3-9474-1A3956D46DE8}") = "src", "src", "{827E0CD3-B72D-47B6-A68D-7590B98EB39B}"
EndProject
Project("{FAE04EC0-301F-11D3-BF4B-00C04F79EFBC}") = "SeoIntelligence.Domain", "src\SeoIntelligence.Domain\SeoIntelligence.Domain.csproj", "{FFA016D1-18AE-4B17-BB5B-A4833D478FCE}"
EndProject
Project("{FAE04EC0-301F-11D3-BF4B-00C04F79EFBC}") = "SeoIntelligence.Application", "src\SeoIntelligence.Application\SeoIntelligence.Application.csproj", "{D1910483-A6B0-4269-845D-564065B192E3}"
EndProject
Project("{FAE04EC0-301F-11D3-BF4B-00C04F79EFBC}") = "SeoIntelligence.Contracts", "src\SeoIntelligence.Contracts\SeoIntelligence.Contracts.csproj", "{7C72F3B1-A9CB-40B8-99D7-6EC3A7F0E0EB}"
EndProject
Project("{FAE04EC0-301F-11D3-BF4B-00C04F79EFBC}") = "SeoIntelligence.Infrastructure", "src\SeoIntelligence.Infrastructure\SeoIntelligence.Infrastructure.csproj", "{7950FEBA-C35B-4253-A918-A9D229713DDD}"
EndProject
Project("{FAE04EC0-301F-11D3-BF4B-00C04F79EFBC}") = "SeoIntelligence.Api", "src\SeoIntelligence.Api\SeoIntelligence.Api.csproj", "{D781C11E-0020-4D44-90F5-27C908ED86C0}"
EndProject
Project("{FAE04EC0-301F-11D3-BF4B-00C04F79EFBC}") = "SeoIntelligence.Web", "src\SeoIntelligence.Web\SeoIntelligence.Web.csproj", "{747D49F0-7838-477D-81BB-6ED520B1417C}"
EndProject
Project("{FAE04EC0-301F-11D3-BF4B-00C04F79EFBC}") = "SeoIntelligence.Worker", "src\SeoIntelligence.Worker\SeoIntelligence.Worker.csproj", "{255D7EE7-660F-425A-9CF5-948794597AAD}"
EndProject
Project("{2150E333-8FDC-42A3-9474-1A3956D46DE8}") = "tests", "tests", "{0AB3BF05-4346-4AA6-1389-037BE0695223}"
EndProject
Project("{FAE04EC0-301F-11D3-BF4B-00C04F79EFBC}") = "UnitTests", "tests\UnitTests\UnitTests.csproj", "{637ADA29-CF30-4635-8949-B98BB1BB58B5}"
EndProject
Project("{FAE04EC0-301F-11D3-BF4B-00C04F79EFBC}") = "IntegrationTests", "tests\IntegrationTests\IntegrationTests.csproj", "{098D2C48-8A0D-460C-8BE9-6AE361E12D73}"
EndProject
Project("{FAE04EC0-301F-11D3-BF4B-00C04F79EFBC}") = "ContractTests", "tests\ContractTests\ContractTests.csproj", "{A40AF770-515E-4686-BC90-AC3785F19974}"
EndProject
Project("{FAE04EC0-301F-11D3-BF4B-00C04F79EFBC}") = "E2ETests", "tests\E2ETests\E2ETests.csproj", "{1B78CCBE-8551-4615-AC78-ACCF0130A247}"
EndProject
Global
	GlobalSection(SolutionConfigurationPlatforms) = preSolution
		Debug|Any CPU = Debug|Any CPU
		Debug|x64 = Debug|x64
		Debug|x86 = Debug|x86
		Release|Any CPU = Release|Any CPU
		Release|x64 = Release|x64
		Release|x86 = Release|x86
	EndGlobalSection
	GlobalSection(ProjectConfigurationPlatforms) = postSolution
		{FFA016D1-18AE-4B17-BB5B-A4833D478FCE}.Debug|Any CPU.ActiveCfg = Debug|Any CPU
		{FFA016D1-18AE-4B17-BB5B-A4833D478FCE}.Debug|Any CPU.Build.0 = Debug|Any CPU
		{FFA016D1-18AE-4B17-BB5B-A4833D478FCE}.Debug|x64.ActiveCfg = Debug|Any CPU
		{FFA016D1-18AE-4B17-BB5B-A4833D478FCE}.Debug|x64.Build.0 = Debug|Any CPU
		{FFA016D1-18AE-4B17-BB5B-A4833D478FCE}.Debug|x86.ActiveCfg = Debug|Any CPU
		{FFA016D1-18AE-4B17-BB5B-A4833D478FCE}.Debug|x86.Build.0 = Debug|Any CPU
		{FFA016D1-18AE-4B17-BB5B-A4833D478FCE}.Release|Any CPU.ActiveCfg = Release|Any CPU
		{FFA016D1-18AE-4B17-BB5B-A4833D478FCE}.Release|Any CPU.Build.0 = Release|Any CPU
		{FFA016D1-18AE-4B17-BB5B-A4833D478FCE}.Release|x64.ActiveCfg = Release|Any CPU
		{FFA016D1-18AE-4B17-BB5B-A4833D478FCE}.Release|x64.Build.0 = Release|Any CPU
		{FFA016D1-18AE-4B17-BB5B-A4833D478FCE}.Release|x86.ActiveCfg = Release|Any CPU
		{FFA016D1-18AE-4B17-BB5B-A4833D478FCE}.Release|x86.Build.0 = Release|Any CPU
		{D1910483-A6B0-4269-845D-564065B192E3}.Debug|Any CPU.ActiveCfg = Debug|Any CPU
		{D1910483-A6B0-4269-845D-564065B192E3}.Debug|Any CPU.Build.0 = Debug|Any CPU
		{D1910483-A6B0-4269-845D-564065B192E3}.Debug|x64.ActiveCfg = Debug|Any CPU
		{D1910483-A6B0-4269-845D-564065B192E3}.Debug|x64.Build.0 = Debug|Any CPU
		{D1910483-A6B0-4269-845D-564065B192E3}.Debug|x86.ActiveCfg = Debug|Any CPU
		{D1910483-A6B0-4269-845D-564065B192E3}.Debug|x86.Build.0 = Debug|Any CPU
		{D1910483-A6B0-4269-845D-564065B192E3}.Release|Any CPU.ActiveCfg = Release|Any CPU
		{D1910483-A6B0-4269-845D-564065B192E3}.Release|Any CPU.Build.0 = Release|Any CPU
		{D1910483-A6B0-4269-845D-564065B192E3}.Release|x64.ActiveCfg = Release|Any CPU
		{D1910483-A6B0-4269-845D-564065B192E3}.Release|x64.Build.0 = Release|Any CPU
		{D1910483-A6B0-4269-845D-564065B192E3}.Release|x86.ActiveCfg = Release|Any CPU
		{D1910483-A6B0-4269-845D-564065B192E3}.Release|x86.Build.0 = Release|Any CPU
		{7C72F3B1-A9CB-40B8-99D7-6EC3A7F0E0EB}.Debug|Any CPU.ActiveCfg = Debug|Any CPU
		{7C72F3B1-A9CB-40B8-99D7-6EC3A7F0E0EB}.Debug|Any CPU.Build.0 = Debug|Any CPU
		{7C72F3B1-A9CB-40B8-99D7-6EC3A7F0E0EB}.Debug|x64.ActiveCfg = Debug|Any CPU
		{7C72F3B1-A9CB-40B8-99D7-6EC3A7F0E0EB}.Debug|x64.Build.0 = Debug|Any CPU
		{7C72F3B1-A9CB-40B8-99D7-6EC3A7F0E0EB}.Debug|x86.ActiveCfg = Debug|Any CPU
		{7C72F3B1-A9CB-40B8-99D7-6EC3A7F0E0EB}.Debug|x86.Build.0 = Debug|Any CPU
		{7C72F3B1-A9CB-40B8-99D7-6EC3A7F0E0EB}.Release|Any CPU.ActiveCfg = Release|Any CPU
		{7C72F3B1-A9CB-40B8-99D7-6EC3A7F0E0EB}.Release|Any CPU.Build.0 = Release|Any CPU
		{7C72F3B1-A9CB-40B8-99D7-6EC3A7F0E0EB}.Release|x64.ActiveCfg = Release|Any CPU
		{7C72F3B1-A9CB-40B8-99D7-6EC3A7F0E0EB}.Release|x64.Build.0 = Release|Any CPU
		{7C72F3B1-A9CB-40B8-99D7-6EC3A7F0E0EB}.Release|x86.ActiveCfg = Release|Any CPU
		{7C72F3B1-A9CB-40B8-99D7-6EC3A7F0E0EB}.Release|x86.Build.0 = Release|Any CPU
		{7950FEBA-C35B-4253-A918-A9D229713DDD}.Debug|Any CPU.ActiveCfg = Debug|Any CPU
		{7950FEBA-C35B-4253-A918-A9D229713DDD}.Debug|Any CPU.Build.0 = Debug|Any CPU
		{7950FEBA-C35B-4253-A918-A9D229713DDD}.Debug|x64.ActiveCfg = Debug|Any CPU
		{7950FEBA-C35B-4253-A918-A9D229713DDD}.Debug|x64.Build.0 = Debug|Any CPU
		{7950FEBA-C35B-4253-A918-A9D229713DDD}.Debug|x86.ActiveCfg = Debug|Any CPU
		{7950FEBA-C35B-4253-A918-A9D229713DDD}.Debug|x86.Build.0 = Debug|Any CPU
		{7950FEBA-C35B-4253-A918-A9D229713DDD}.Release|Any CPU.ActiveCfg = Release|Any CPU
		{7950FEBA-C35B-4253-A918-A9D229713DDD}.Release|Any CPU.Build.0 = Release|Any CPU
		{7950FEBA-C35B-4253-A918-A9D229713DDD}.Release|x64.ActiveCfg = Release|Any CPU
		{7950FEBA-C35B-4253-A918-A9D229713DDD}.Release|x64.Build.0 = Release|Any CPU
		{7950FEBA-C35B-4253-A918-A9D229713DDD}.Release|x86.ActiveCfg = Release|Any CPU
		{7950FEBA-C35B-4253-A918-A9D229713DDD}.Release|x86.Build.0 = Release|Any CPU
		{D781C11E-0020-4D44-90F5-27C908ED86C0}.Debug|Any CPU.ActiveCfg = Debug|Any CPU
		{D781C11E-0020-4D44-90F5-27C908ED86C0}.Debug|Any CPU.Build.0 = Debug|Any CPU
		{D781C11E-0020-4D44-90F5-27C908ED86C0}.Debug|x64.ActiveCfg = Debug|Any CPU
		{D781C11E-0020-4D44-90F5-27C908ED86C0}.Debug|x64.Build.0 = Debug|Any CPU
		{D781C11E-0020-4D44-90F5-27C908ED86C0}.Debug|x86.ActiveCfg = Debug|Any CPU
		{D781C11E-0020-4D44-90F5-27C908ED86C0}.Debug|x86.Build.0 = Debug|Any CPU
		{D781C11E-0020-4D44-90F5-27C908ED86C0}.Release|Any CPU.ActiveCfg = Release|Any CPU
		{D781C11E-0020-4D44-90F5-27C908ED86C0}.Release|Any CPU.Build.0 = Release|Any CPU
		{D781C11E-0020-4D44-90F5-27C908ED86C0}.Release|x64.ActiveCfg = Release|Any CPU
		{D781C11E-0020-4D44-90F5-27C908ED86C0}.Release|x64.Build.0 = Release|Any CPU
		{D781C11E-0020-4D44-90F5-27C908ED86C0}.Release|x86.ActiveCfg = Release|Any CPU
		{D781C11E-0020-4D44-90F5-27C908ED86C0}.Release|x86.Build.0 = Release|Any CPU
		{747D49F0-7838-477D-81BB-6ED520B1417C}.Debug|Any CPU.ActiveCfg = Debug|Any CPU
		{747D49F0-7838-477D-81BB-6ED520B1417C}.Debug|Any CPU.Build.0 = Debug|Any CPU
		{747D49F0-7838-477D-81BB-6ED520B1417C}.Debug|x64.ActiveCfg = Debug|Any CPU
		{747D49F0-7838-477D-81BB-6ED520B1417C}.Debug|x64.Build.0 = Debug|Any CPU
		{747D49F0-7838-477D-81BB-6ED520B1417C}.Debug|x86.ActiveCfg = Debug|Any CPU
		{747D49F0-7838-477D-81BB-6ED520B1417C}.Debug|x86.Build.0 = Debug|Any CPU
		{747D49F0-7838-477D-81BB-6ED520B1417C}.Release|Any CPU.ActiveCfg = Release|Any CPU
		{747D49F0-7838-477D-81BB-6ED520B1417C}.Release|Any CPU.Build.0 = Release|Any CPU
		{747D49F0-7838-477D-81BB-6ED520B1417C}.Release|x64.ActiveCfg = Release|Any CPU
		{747D49F0-7838-477D-81BB-6ED520B1417C}.Release|x64.Build.0 = Release|Any CPU
		{747D49F0-7838-477D-81BB-6ED520B1417C}.Release|x86.ActiveCfg = Release|Any CPU
		{747D49F0-7838-477D-81BB-6ED520B1417C}.Release|x86.Build.0 = Release|Any CPU
		{255D7EE7-660F-425A-9CF5-948794597AAD}.Debug|Any CPU.ActiveCfg = Debug|Any CPU
		{255D7EE7-660F-425A-9CF5-948794597AAD}.Debug|Any CPU.Build.0 = Debug|Any CPU
		{255D7EE7-660F-425A-9CF5-948794597AAD}.Debug|x64.ActiveCfg = Debug|Any CPU
		{255D7EE7-660F-425A-9CF5-948794597AAD}.Debug|x64.Build.0 = Debug|Any CPU
		{255D7EE7-660F-425A-9CF5-948794597AAD}.Debug|x86.ActiveCfg = Debug|Any CPU
		{255D7EE7-660F-425A-9CF5-948794597AAD}.Debug|x86.Build.0 = Debug|Any CPU
		{255D7EE7-660F-425A-9CF5-948794597AAD}.Release|Any CPU.ActiveCfg = Release|Any CPU
		{255D7EE7-660F-425A-9CF5-948794597AAD}.Release|Any CPU.Build.0 = Release|Any CPU
		{255D7EE7-660F-425A-9CF5-948794597AAD}.Release|x64.ActiveCfg = Release|Any CPU
		{255D7EE7-660F-425A-9CF5-948794597AAD}.Release|x64.Build.0 = Release|Any CPU
		{255D7EE7-660F-425A-9CF5-948794597AAD}.Release|x86.ActiveCfg = Release|Any CPU
		{255D7EE7-660F-425A-9CF5-948794597AAD}.Release|x86.Build.0 = Release|Any CPU
		{637ADA29-CF30-4635-8949-B98BB1BB58B5}.Debug|Any CPU.ActiveCfg = Debug|Any CPU
		{637ADA29-CF30-4635-8949-B98BB1BB58B5}.Debug|Any CPU.Build.0 = Debug|Any CPU
		{637ADA29-CF30-4635-8949-B98BB1BB58B5}.Debug|x64.ActiveCfg = Debug|Any CPU
		{637ADA29-CF30-4635-8949-B98BB1BB58B5}.Debug|x64.Build.0 = Debug|Any CPU
		{637ADA29-CF30-4635-8949-B98BB1BB58B5}.Debug|x86.ActiveCfg = Debug|Any CPU
		{637ADA29-CF30-4635-8949-B98BB1BB58B5}.Debug|x86.Build.0 = Debug|Any CPU
		{637ADA29-CF30-4635-8949-B98BB1BB58B5}.Release|Any CPU.ActiveCfg = Release|Any CPU
		{637ADA29-CF30-4635-8949-B98BB1BB58B5}.Release|Any CPU.Build.0 = Release|Any CPU
		{637ADA29-CF30-4635-8949-B98BB1BB58B5}.Release|x64.ActiveCfg = Release|Any CPU
		{637ADA29-CF30-4635-8949-B98BB1BB58B5}.Release|x64.Build.0 = Release|Any CPU
		{637ADA29-CF30-4635-8949-B98BB1BB58B5}.Release|x86.ActiveCfg = Release|Any CPU
		{637ADA29-CF30-4635-8949-B98BB1BB58B5}.Release|x86.Build.0 = Release|Any CPU
		{098D2C48-8A0D-460C-8BE9-6AE361E12D73}.Debug|Any CPU.ActiveCfg = Debug|Any CPU
		{098D2C48-8A0D-460C-8BE9-6AE361E12D73}.Debug|Any CPU.Build.0 = Debug|Any CPU
		{098D2C48-8A0D-460C-8BE9-6AE361E12D73}.Debug|x64.ActiveCfg = Debug|Any CPU
		{098D2C48-8A0D-460C-8BE9-6AE361E12D73}.Debug|x64.Build.0 = Debug|Any CPU
		{098D2C48-8A0D-460C-8BE9-6AE361E12D73}.Debug|x86.ActiveCfg = Debug|Any CPU
		{098D2C48-8A0D-460C-8BE9-6AE361E12D73}.Debug|x86.Build.0 = Debug|Any CPU
		{098D2C48-8A0D-460C-8BE9-6AE361E12D73}.Release|Any CPU.ActiveCfg = Release|Any CPU
		{098D2C48-8A0D-460C-8BE9-6AE361E12D73}.Release|Any CPU.Build.0 = Release|Any CPU
		{098D2C48-8A0D-460C-8BE9-6AE361E12D73}.Release|x64.ActiveCfg = Release|Any CPU
		{098D2C48-8A0D-460C-8BE9-6AE361E12D73}.Release|x64.Build.0 = Release|Any CPU
		{098D2C48-8A0D-460C-8BE9-6AE361E12D73}.Release|x86.ActiveCfg = Release|Any CPU
		{098D2C48-8A0D-460C-8BE9-6AE361E12D73}.Release|x86.Build.0 = Release|Any CPU
		{A40AF770-515E-4686-BC90-AC3785F19974}.Debug|Any CPU.ActiveCfg = Debug|Any CPU
		{A40AF770-515E-4686-BC90-AC3785F19974}.Debug|Any CPU.Build.0 = Debug|Any CPU
		{A40AF770-515E-4686-BC90-AC3785F19974}.Debug|x64.ActiveCfg = Debug|Any CPU
		{A40AF770-515E-4686-BC90-AC3785F19974}.Debug|x64.Build.0 = Debug|Any CPU
		{A40AF770-515E-4686-BC90-AC3785F19974}.Debug|x86.ActiveCfg = Debug|Any CPU
		{A40AF770-515E-4686-BC90-AC3785F19974}.Debug|x86.Build.0 = Debug|Any CPU
		{A40AF770-515E-4686-BC90-AC3785F19974}.Release|Any CPU.ActiveCfg = Release|Any CPU
		{A40AF770-515E-4686-BC90-AC3785F19974}.Release|Any CPU.Build.0 = Release|Any CPU
		{A40AF770-515E-4686-BC90-AC3785F19974}.Release|x64.ActiveCfg = Release|Any CPU
		{A40AF770-515E-4686-BC90-AC3785F19974}.Release|x64.Build.0 = Release|Any CPU
		{A40AF770-515E-4686-BC90-AC3785F19974}.Release|x86.ActiveCfg = Release|Any CPU
		{A40AF770-515E-4686-BC90-AC3785F19974}.Release|x86.Build.0 = Release|Any CPU
		{1B78CCBE-8551-4615-AC78-ACCF0130A247}.Debug|Any CPU.ActiveCfg = Debug|Any CPU
		{1B78CCBE-8551-4615-AC78-ACCF0130A247}.Debug|Any CPU.Build.0 = Debug|Any CPU
		{1B78CCBE-8551-4615-AC78-ACCF0130A247}.Debug|x64.ActiveCfg = Debug|Any CPU
		{1B78CCBE-8551-4615-AC78-ACCF0130A247}.Debug|x64.Build.0 = Debug|Any CPU
		{1B78CCBE-8551-4615-AC78-ACCF0130A247}.Debug|x86.ActiveCfg = Debug|Any CPU
		{1B78CCBE-8551-4615-AC78-ACCF0130A247}.Debug|x86.Build.0 = Debug|Any CPU
		{1B78CCBE-8551-4615-AC78-ACCF0130A247}.Release|Any CPU.ActiveCfg = Release|Any CPU
		{1B78CCBE-8551-4615-AC78-ACCF0130A247}.Release|Any CPU.Build.0 = Release|Any CPU
		{1B78CCBE-8551-4615-AC78-ACCF0130A247}.Release|x64.ActiveCfg = Release|Any CPU
		{1B78CCBE-8551-4615-AC78-ACCF0130A247}.Release|x64.Build.0 = Release|Any CPU
		{1B78CCBE-8551-4615-AC78-ACCF0130A247}.Release|x86.ActiveCfg = Release|Any CPU
		{1B78CCBE-8551-4615-AC78-ACCF0130A247}.Release|x86.Build.0 = Release|Any CPU
	EndGlobalSection
	GlobalSection(SolutionProperties) = preSolution
		HideSolutionNode = FALSE
	EndGlobalSection
	GlobalSection(NestedProjects) = preSolution
		{FFA016D1-18AE-4B17-BB5B-A4833D478FCE} = {827E0CD3-B72D-47B6-A68D-7590B98EB39B}
		{D1910483-A6B0-4269-845D-564065B192E3} = {827E0CD3-B72D-47B6-A68D-7590B98EB39B}
		{7C72F3B1-A9CB-40B8-99D7-6EC3A7F0E0EB} = {827E0CD3-B72D-47B6-A68D-7590B98EB39B}
		{7950FEBA-C35B-4253-A918-A9D229713DDD} = {827E0CD3-B72D-47B6-A68D-7590B98EB39B}
		{D781C11E-0020-4D44-90F5-27C908ED86C0} = {827E0CD3-B72D-47B6-A68D-7590B98EB39B}
		{747D49F0-7838-477D-81BB-6ED520B1417C} = {827E0CD3-B72D-47B6-A68D-7590B98EB39B}
		{255D7EE7-660F-425A-9CF5-948794597AAD} = {827E0CD3-B72D-47B6-A68D-7590B98EB39B}
		{637ADA29-CF30-4635-8949-B98BB1BB58B5} = {0AB3BF05-4346-4AA6-1389-037BE0695223}
		{098D2C48-8A0D-460C-8BE9-6AE361E12D73} = {0AB3BF05-4346-4AA6-1389-037BE0695223}
		{A40AF770-515E-4686-BC90-AC3785F19974} = {0AB3BF05-4346-4AA6-1389-037BE0695223}
		{1B78CCBE-8551-4615-AC78-ACCF0130A247} = {0AB3BF05-4346-4AA6-1389-037BE0695223}
	EndGlobalSection
EndGlobal
